
Microsoft Visual Studio Solution File, Format Version 12.00
# Visual Studio 2013
VisualStudioVersion = 12.0.31101.0
MinimumVisualStudioVersion = 10.0.40219.1
Project("{8BC9CEB8-8B4A-11D0-8D11-00A0C91BC942}") = "Train", "Train.vcxproj", "{3197BAEE-8FA1-4B01-9979-9EE75C380D6D}"
EndProject
Project("{2150E333-8FDC-42A3-9474-1A3956D46DE8}") = "Solution Items", "Solution Items", "{4E773C4F-4504-467F-9218-62160579DF5F}"
	ProjectSection(SolutionItems) = preProject
		shaders\billboard.frag = shaders\billboard.frag
		shaders\billboard.vert = shaders\billboard.vert
		shaders\ground.frag = shaders\ground.frag
		shaders\ground.vert = shaders\ground.vert
		shaders\projector.frag = shaders\projector.frag
		shaders\projector.vert = shaders\projector.vert
		shaders\firefly.frag = shaders\firefly.frag
		shaders\firefly.vert = shaders\firefly.vert
		shaders\ground.frag = shaders\ground.frag
		shaders\ground.vert = shaders\ground.vert
		shaders\pool.frag = shaders\pool.frag
		shaders\pool.vert = shaders\pool.vert
		shaders\skybox.frag = shaders\skybox.frag
		shaders\skybox.vert = shaders\skybox.vert
	EndProjectSection
EndProject
Global
	GlobalSection(SolutionConfigurationPlatforms) = preSolution
		Debug|Win32 = Debug|Win32
		Release|Win32 = Release|Win32
	EndGlobalSection
	GlobalSection(ProjectConfigurationPlatforms) = postSolution
		{3197BAEE-8FA1-4B01-9979-9EE75C380D6D}.Debug|Win32.ActiveCfg = Debug|Win32
		{3197BAEE-8FA1-4B01-9979-9EE75C380D6D}.Debug|Win32.Build.0 = Debug|Win32
		{3197BAEE-8FA1-4B01-9979-9EE75C380D6D}.Release|Win32.ActiveCfg = Release|Win32
		{3197BAEE-8FA1-4B01-9979-9EE75C380D6D}.Release|Win32.Build.0 = Release|Win32
	EndGlobalSection
	GlobalSection(SolutionProperties) = preSolution
		HideSolutionNode = FALSE
	EndGlobalSection
EndGlobal
